
Microsoft Visual Studio Solution File, Format Version 12.00
# Visual Studio 2012
Project("{FAE04EC0-301F-11D3-BF4B-00C04F79EFBC}") = "HelloWorld", "HelloWorld.csproj", "{133601FA-6B71-4B74-8981-222A543E11DF}"
EndProject
Global
	GlobalSection(SolutionConfigurationPlatforms) = preSolution
		Debug|Any CPU = Debug|Any CPU
		Release|Any CPU = Release|Any CPU
	EndGlobalSection
	GlobalSection(ProjectConfigurationPlatforms) = postSolution
		{133601FA-6B71-4B74-8981-222A543E11DF}.Debug|Any CPU.ActiveCfg = Debug|Any CPU
		{133601FA-6B71-4B74-8981-222A543E11DF}.Debug|Any CPU.Build.0 = Debug|Any CPU
		{133601FA-6B71-4B74-8981-222A543E11DF}.Release|Any CPU.ActiveCfg = Release|Any CPU
		{133601FA-6B71-4B74-8981-222A543E11DF}.Release|Any CPU.Build.0 = Release|Any CPU
	EndGlobalSection
	GlobalSection(SolutionProperties) = preSolution
		HideSolutionNode = FALSE
	EndGlobalSection
EndGlobal
